<?xml version="1.0"?>
<CONFIG>
  <ProjectOptions>
    <Version Value="9"/>
    <PathDelim Value="\"/>
    <General>
      <SessionStorage Value="InProjectDir"/>
      <MainUnit Value="0"/>
      <Title Value="ASuite"/>
      <UseAppBundle Value="False"/>
      <ResourceType Value="res"/>
      <UseXPManifest Value="True"/>
      <Icon Value="0"/>
    </General>
    <i18n>
      <EnableI18N Value="True"/>
      <OutDir Value="po"/>
    </i18n>
    <VersionInfo>
      <UseVersionInfo Value="True"/>
      <AutoIncrementBuild Value="True"/>
      <MajorVersionNr Value="2"/>
      <BuildNr Value="1137"/>
      <StringTable ProductVersion=""/>
    </VersionInfo>
    <BuildModes Count="1">
      <Item1 Name="Default" Default="True"/>
    </BuildModes>
    <PublishOptions>
      <Version Value="2"/>
      <IncludeFileFilter Value="*.(pas|pp|inc|lfm|lpr|lrs|lpi|lpk|sh|xml)"/>
      <ExcludeFileFilter Value="*.(bak|ppu|o|so);*~;backup"/>
    </PublishOptions>
    <RunParams>
      <local>
        <FormatVersion Value="1"/>
      </local>
    </RunParams>
    <RequiredPackages Count="4">
      <Item1>
        <PackageName Value="sqlite3laz"/>
      </Item1>
      <Item2>
        <PackageName Value="TButtonedEditpkg"/>
      </Item2>
      <Item3>
        <PackageName Value="virtualtreeview_package"/>
      </Item3>
      <Item4>
        <PackageName Value="LCL"/>
      </Item4>
    </RequiredPackages>
    <Units Count="27">
      <Unit0>
        <Filename Value="ASuite.lpr"/>
        <IsPartOfProject Value="True"/>
      </Unit0>
      <Unit1>
        <Filename Value="library\ulCommonUtils.pas"/>
        <IsPartOfProject Value="True"/>
        <UnitName Value="ulCommonUtils"/>
      </Unit1>
      <Unit2>
        <Filename Value="library\ulCommonClasses.pas"/>
        <IsPartOfProject Value="True"/>
        <UnitName Value="ulCommonClasses"/>
      </Unit2>
      <Unit3>
        <Filename Value="AppConfig.pas"/>
        <IsPartOfProject Value="True"/>
        <UnitName Value="AppConfig"/>
      </Unit3>
      <Unit4>
        <Filename Value="library\ulAppConfig.pas"/>
        <IsPartOfProject Value="True"/>
        <UnitName Value="ulAppConfig"/>
      </Unit4>
      <Unit5>
        <Filename Value="Main.pas"/>
        <IsPartOfProject Value="True"/>
        <ComponentName Value="frmMain"/>
        <HasResources Value="True"/>
        <ResourceBaseClass Value="Form"/>
        <UnitName Value="Main"/>
      </Unit5>
      <Unit6>
        <Filename Value="PropertyFile.pas"/>
        <IsPartOfProject Value="True"/>
        <ComponentName Value="frmPropertyFile"/>
        <HasResources Value="True"/>
        <ResourceBaseClass Value="Form"/>
        <UnitName Value="PropertyFile"/>
      </Unit6>
      <Unit7>
        <Filename Value="PropertyCat.pas"/>
        <IsPartOfProject Value="True"/>
        <ComponentName Value="frmPropertyCat"/>
        <HasResources Value="True"/>
        <ResourceBaseClass Value="Form"/>
        <UnitName Value="PropertyCat"/>
      </Unit7>
      <Unit8>
        <Filename Value="3p\VirtualTreeHDrop.pas"/>
        <IsPartOfProject Value="True"/>
        <UnitName Value="VirtualTreeHDrop"/>
      </Unit8>
      <Unit9>
        <Filename Value="About.pas"/>
        <IsPartOfProject Value="True"/>
        <ComponentName Value="frmAbout"/>
        <HasResources Value="True"/>
        <ResourceBaseClass Value="Form"/>
        <UnitName Value="About"/>
      </Unit9>
      <Unit10>
        <Filename Value="ClearElements.pas"/>
        <IsPartOfProject Value="True"/>
        <HasResources Value="True"/>
        <UnitName Value="ClearElements"/>
      </Unit10>
      <Unit11>
        <Filename Value="Option.pas"/>
        <IsPartOfProject Value="True"/>
        <ComponentName Value="frmOption"/>
        <HasResources Value="True"/>
        <ResourceBaseClass Value="Form"/>
        <UnitName Value="Option"/>
      </Unit11>
      <Unit12>
        <Filename Value="3p\CheckPrevious.pas"/>
        <IsPartOfProject Value="True"/>
        <UnitName Value="CheckPrevious"/>
      </Unit12>
      <Unit13>
        <Filename Value="library\ulNodeDataTypes.pas"/>
        <IsPartOfProject Value="True"/>
        <UnitName Value="ulNodeDataTypes"/>
      </Unit13>
      <Unit14>
        <Filename Value="OrderSoftware.pas"/>
        <IsPartOfProject Value="True"/>
        <HasResources Value="True"/>
        <UnitName Value="OrderSoftware"/>
      </Unit14>
      <Unit15>
        <Filename Value="library\ulEnumerations.pas"/>
        <IsPartOfProject Value="True"/>
        <UnitName Value="ulEnumerations"/>
      </Unit15>
      <Unit16>
        <Filename Value="library\ulSysUtils.pas"/>
        <IsPartOfProject Value="True"/>
        <UnitName Value="ulSysUtils"/>
      </Unit16>
      <Unit17>
        <Filename Value="library\ulStringUtils.pas"/>
        <IsPartOfProject Value="True"/>
        <UnitName Value="ulStringUtils"/>
      </Unit17>
      <Unit18>
        <Filename Value="udImages.pas"/>
        <IsPartOfProject Value="True"/>
        <ComponentName Value="ImagesDM"/>
        <HasResources Value="True"/>
        <ResourceBaseClass Value="DataModule"/>
        <UnitName Value="udImages"/>
      </Unit18>
      <Unit19>
        <Filename Value="library\ulDatabase.pas"/>
        <IsPartOfProject Value="True"/>
        <UnitName Value="ulDatabase"/>
      </Unit19>
      <Unit20>
        <Filename Value="udClassicMenu.pas"/>
        <IsPartOfProject Value="True"/>
        <ComponentName Value="ClassicMenu"/>
        <HasResources Value="True"/>
        <ResourceBaseClass Value="DataModule"/>
        <UnitName Value="udClassicMenu"/>
      </Unit20>
      <Unit21>
        <Filename Value="PropertySeparator.pas"/>
        <IsPartOfProject Value="True"/>
        <HasResources Value="True"/>
        <UnitName Value="PropertySeparator"/>
      </Unit21>
      <Unit22>
        <Filename Value="library\ulExeUtils.pas"/>
        <IsPartOfProject Value="True"/>
        <UnitName Value="ulExeUtils"/>
      </Unit22>
      <Unit23>
        <Filename Value="ImportList.pas"/>
        <IsPartOfProject Value="True"/>
        <HasResources Value="True"/>
        <UnitName Value="ImportList"/>
      </Unit23>
      <Unit24>
        <Filename Value="library\ASuiteForm.pas"/>
        <IsPartOfProject Value="True"/>
        <ComponentName Value="ASuiteForm"/>
        <HasResources Value="True"/>
        <ResourceBaseClass Value="Form"/>
        <UnitName Value="ASuiteForm"/>
      </Unit24>
      <Unit25>
        <Filename Value="library\ulTreeView.pas"/>
        <IsPartOfProject Value="True"/>
        <UnitName Value="ulTreeView"/>
      </Unit25>
      <Unit26>
        <Filename Value="library\ulSQLite.pas"/>
        <IsPartOfProject Value="True"/>
        <UnitName Value="ulSQLite"/>
      </Unit26>
    </Units>
  </ProjectOptions>
  <CompilerOptions>
    <Version Value="11"/>
    <PathDelim Value="\"/>
    <Target>
      <Filename Value="bin\ASuite"/>
    </Target>
    <SearchPaths>
      <IncludeFiles Value="$(ProjOutDir);3p;library;3p\VirtualTreeview;3p\lclextensions\include\win32;3p\VirtualTreeview\include\intf\win32"/>
      <OtherUnitFiles Value="3p;library;3p\VirtualTreeview;3p\lclextensions;3p\VirtualTreeview\units\win32;3p\tbuttonededit;3p\kcontrols\source"/>
      <UnitOutputDirectory Value="lib\$(TargetCPU)-$(TargetOS)"/>
    </SearchPaths>
    <Parsing>
      <SyntaxOptions>
        <SyntaxMode Value="Delphi"/>
      </SyntaxOptions>
    </Parsing>
    <CodeGeneration>
      <TargetCPU Value="i386"/>
      <TargetOS Value="win32"/>
    </CodeGeneration>
    <Linking>
      <Options>
        <Win32>
          <GraphicApplication Value="True"/>
        </Win32>
      </Options>
    </Linking>
    <Other>
      <CompilerMessages>
        <MsgFileName Value=""/>
      </CompilerMessages>
      <CompilerPath Value="$(CompPath)"/>
    </Other>
  </CompilerOptions>
  <Debugging>
    <Exceptions Count="3">
      <Item1>
        <Name Value="EAbort"/>
      </Item1>
      <Item2>
        <Name Value="ECodetoolError"/>
      </Item2>
      <Item3>
        <Name Value="EFOpenError"/>
      </Item3>
    </Exceptions>
  </Debugging>
</CONFIG>
