<?xml version="1.0"?>
<CONFIG>
  <ProjectOptions>
    <Version Value="9"/>
    <PathDelim Value="\"/>
    <General>
      <MainUnit Value="0"/>
      <UseXPManifest Value="True"/>
      <ActiveWindowIndexAtStart Value="0"/>
    </General>
    <VersionInfo>
      <StringTable ProductVersion=""/>
    </VersionInfo>
    <BuildModes Count="1">
      <Item1 Name="default" Default="True"/>
    </BuildModes>
    <PublishOptions>
      <Version Value="2"/>
      <IgnoreBinaries Value="False"/>
      <IncludeFileFilter Value="*.(pas|pp|inc|lfm|lpr|lrs|lpi|lpk|sh|xml)"/>
      <ExcludeFileFilter Value="*.(bak|ppu|ppw|o|so);*~;backup"/>
    </PublishOptions>
    <RunParams>
      <local>
        <FormatVersion Value="1"/>
        <LaunchingApplication PathPlusParams="/usr/X11R6/bin/xterm -T 'Lazarus Run Output' -e $(LazarusDir)/tools/runwait.sh $(TargetCmdLine)"/>
      </local>
    </RunParams>
    <RequiredPackages Count="1">
      <Item1>
        <PackageName Value="LCL"/>
      </Item1>
    </RequiredPackages>
    <Units Count="28">
      <Unit0>
        <Filename Value="DemoLaz.lpr"/>
        <IsPartOfProject Value="True"/>
        <EditorIndex Value="0"/>
        <WindowIndex Value="0"/>
        <TopLine Value="1"/>
        <CursorPos X="17" Y="8"/>
        <UsageCount Value="111"/>
        <Loaded Value="True"/>
        <LoadedDesigner Value="True"/>
        <DefaultSyntaxHighlighter Value="Delphi"/>
      </Unit0>
      <Unit1>
        <Filename Value="C:\Lazarus\lcl\include\application.inc"/>
        <TopLine Value="340"/>
        <CursorPos X="33" Y="345"/>
        <UsageCount Value="1"/>
      </Unit1>
      <Unit2>
        <Filename Value="Main.pas"/>
        <IsPartOfProject Value="True"/>
        <ComponentName Value="MainForm"/>
        <HasResources Value="True"/>
        <ResourceBaseClass Value="Form"/>
        <UnitName Value="Main"/>
        <IsVisibleTab Value="True"/>
        <EditorIndex Value="1"/>
        <WindowIndex Value="0"/>
        <TopLine Value="188"/>
        <CursorPos X="53" Y="197"/>
        <UsageCount Value="111"/>
        <Loaded Value="True"/>
        <LoadedDesigner Value="True"/>
        <DefaultSyntaxHighlighter Value="Delphi"/>
      </Unit2>
      <Unit3>
        <Filename Value="Main.lrs"/>
        <TopLine Value="1"/>
        <CursorPos X="17" Y="3"/>
        <SyntaxHighlighter Value="Delphi"/>
        <UsageCount Value="1"/>
      </Unit3>
      <Unit4>
        <Filename Value="KIcon.pas"/>
        <UnitName Value="KIcon"/>
        <TopLine Value="1920"/>
        <CursorPos X="13" Y="1947"/>
        <SyntaxHighlighter Value="Delphi"/>
        <UsageCount Value="23"/>
      </Unit4>
      <Unit5>
        <Filename Value="KGraphics.pas"/>
        <UnitName Value="KGraphics"/>
        <TopLine Value="429"/>
        <CursorPos X="1" Y="458"/>
        <SyntaxHighlighter Value="Delphi"/>
        <UsageCount Value="23"/>
      </Unit5>
      <Unit6>
        <Filename Value="C:\Lazarus\lcl\include\rasterimage.inc"/>
        <TopLine Value="481"/>
        <CursorPos X="1" Y="508"/>
        <UsageCount Value="6"/>
      </Unit6>
      <Unit7>
        <Filename Value="C:\Lazarus\lcl\include\custombitmap.inc"/>
        <TopLine Value="434"/>
        <CursorPos X="1" Y="474"/>
        <UsageCount Value="6"/>
      </Unit7>
      <Unit8>
        <Filename Value="C:\Lazarus\lcl\intfgraphics.pas"/>
        <UnitName Value="IntfGraphics"/>
        <TopLine Value="2996"/>
        <CursorPos X="1" Y="3023"/>
        <UsageCount Value="5"/>
      </Unit8>
      <Unit9>
        <Filename Value="C:\Lazarus\lcl\include\listitem.inc"/>
        <TopLine Value="290"/>
        <CursorPos X="1" Y="317"/>
        <UsageCount Value="20"/>
      </Unit9>
      <Unit10>
        <Filename Value="KFunctions.pas"/>
        <UnitName Value="KFunctions"/>
        <TopLine Value="1"/>
        <CursorPos X="18" Y="23"/>
        <SyntaxHighlighter Value="Delphi"/>
        <UsageCount Value="5"/>
      </Unit10>
      <Unit11>
        <Filename Value="..\..\source\kgraphics.pas"/>
        <UnitName Value="KGraphics"/>
        <WindowIndex Value="0"/>
        <TopLine Value="1695"/>
        <CursorPos X="72" Y="1729"/>
        <UsageCount Value="39"/>
        <DefaultSyntaxHighlighter Value="Delphi"/>
      </Unit11>
      <Unit12>
        <Filename Value="..\..\source\kicon.pas"/>
        <UnitName Value="KIcon"/>
        <EditorIndex Value="2"/>
        <WindowIndex Value="0"/>
        <TopLine Value="411"/>
        <CursorPos X="15" Y="449"/>
        <UsageCount Value="39"/>
        <Loaded Value="True"/>
        <DefaultSyntaxHighlighter Value="Delphi"/>
      </Unit12>
      <Unit13>
        <Filename Value="C:\Lazarus\lcl\include\listitems.inc"/>
        <TopLine Value="195"/>
        <CursorPos X="1" Y="222"/>
        <UsageCount Value="6"/>
      </Unit13>
      <Unit14>
        <Filename Value="C:\Lazarus\lcl\include\customlistview.inc"/>
        <TopLine Value="616"/>
        <CursorPos X="1" Y="643"/>
        <UsageCount Value="6"/>
      </Unit14>
      <Unit15>
        <Filename Value="C:\Lazarus\lcl\include\wincontrol.inc"/>
        <TopLine Value="6420"/>
        <CursorPos X="1" Y="6447"/>
        <UsageCount Value="6"/>
      </Unit15>
      <Unit16>
        <Filename Value="C:\Lazarus\lcl\graphics.pp"/>
        <UnitName Value="Graphics"/>
        <TopLine Value="846"/>
        <CursorPos X="45" Y="873"/>
        <UsageCount Value="6"/>
      </Unit16>
      <Unit17>
        <Filename Value="..\..\source\kcontrols.inc"/>
        <EditorIndex Value="3"/>
        <WindowIndex Value="0"/>
        <TopLine Value="159"/>
        <CursorPos X="1" Y="208"/>
        <UsageCount Value="38"/>
        <Loaded Value="True"/>
        <DefaultSyntaxHighlighter Value="Delphi"/>
      </Unit17>
      <Unit18>
        <Filename Value="..\..\source\kfunctions.pas"/>
        <UnitName Value="KFunctions"/>
        <EditorIndex Value="4"/>
        <WindowIndex Value="0"/>
        <TopLine Value="779"/>
        <CursorPos X="1" Y="793"/>
        <UsageCount Value="38"/>
        <Loaded Value="True"/>
        <DefaultSyntaxHighlighter Value="Delphi"/>
      </Unit18>
      <Unit19>
        <Filename Value="Main.lfm"/>
        <WindowIndex Value="0"/>
        <TopLine Value="1"/>
        <CursorPos X="1" Y="1"/>
        <UsageCount Value="38"/>
        <DefaultSyntaxHighlighter Value="LFM"/>
      </Unit19>
      <Unit20>
        <Filename Value="C:\lazarusSVN\lcl\include\rasterimage.inc"/>
        <WindowIndex Value="0"/>
        <TopLine Value="622"/>
        <CursorPos X="1" Y="650"/>
        <UsageCount Value="36"/>
      </Unit20>
      <Unit21>
        <Filename Value="C:\lazarusSVN\lcl\include\canvas.inc"/>
        <WindowIndex Value="0"/>
        <TopLine Value="1431"/>
        <CursorPos X="1" Y="1459"/>
        <UsageCount Value="36"/>
      </Unit21>
      <Unit22>
        <Filename Value="C:\fpc\2.2.4\source\rtl\win\wininc\ascdef.inc"/>
        <WindowIndex Value="0"/>
        <TopLine Value="54"/>
        <CursorPos X="77" Y="82"/>
        <UsageCount Value="35"/>
      </Unit22>
      <Unit23>
        <Filename Value="C:\fpc\2.2.4\source\rtl\win\wininc\base.inc"/>
        <WindowIndex Value="0"/>
        <TopLine Value="687"/>
        <CursorPos X="6" Y="715"/>
        <UsageCount Value="35"/>
      </Unit23>
      <Unit24>
        <Filename Value="C:\lazarusSVN\lcl\graphics.pp"/>
        <UnitName Value="Graphics"/>
        <WindowIndex Value="0"/>
        <TopLine Value="185"/>
        <CursorPos X="5" Y="221"/>
        <UsageCount Value="22"/>
      </Unit24>
      <Unit25>
        <Filename Value="C:\lazarusSVN\lcl\intfgraphics.pas"/>
        <UnitName Value="IntfGraphics"/>
        <WindowIndex Value="0"/>
        <TopLine Value="3259"/>
        <CursorPos X="1" Y="3287"/>
        <UsageCount Value="11"/>
      </Unit25>
      <Unit26>
        <Filename Value="C:\lazarusSVN\lcl\include\custombitmap.inc"/>
        <WindowIndex Value="0"/>
        <TopLine Value="421"/>
        <CursorPos X="1" Y="449"/>
        <UsageCount Value="11"/>
      </Unit26>
      <Unit27>
        <Filename Value="C:\lazarusSVN\lcl\include\graphic.inc"/>
        <WindowIndex Value="0"/>
        <TopLine Value="112"/>
        <CursorPos X="1" Y="140"/>
        <UsageCount Value="11"/>
      </Unit27>
    </Units>
    <JumpHistory Count="21" HistoryIndex="20">
      <Position1>
        <Filename Value="..\..\source\kicon.pas"/>
        <Caret Line="1169" Column="1" TopLine="1141"/>
      </Position1>
      <Position2>
        <Filename Value="..\..\source\kicon.pas"/>
        <Caret Line="1182" Column="1" TopLine="1154"/>
      </Position2>
      <Position3>
        <Filename Value="..\..\source\kicon.pas"/>
        <Caret Line="1186" Column="1" TopLine="1158"/>
      </Position3>
      <Position4>
        <Filename Value="Main.pas"/>
        <Caret Line="349" Column="1" TopLine="318"/>
      </Position4>
      <Position5>
        <Filename Value="Main.pas"/>
        <Caret Line="351" Column="1" TopLine="318"/>
      </Position5>
      <Position6>
        <Filename Value="DemoLaz.lpr"/>
        <Caret Line="15" Column="27" TopLine="1"/>
      </Position6>
      <Position7>
        <Filename Value="..\..\source\kicon.pas"/>
        <Caret Line="1167" Column="1" TopLine="1139"/>
      </Position7>
      <Position8>
        <Filename Value="..\..\source\kicon.pas"/>
        <Caret Line="1168" Column="1" TopLine="1140"/>
      </Position8>
      <Position9>
        <Filename Value="..\..\source\kicon.pas"/>
        <Caret Line="1170" Column="1" TopLine="1142"/>
      </Position9>
      <Position10>
        <Filename Value="..\..\source\kicon.pas"/>
        <Caret Line="1183" Column="1" TopLine="1155"/>
      </Position10>
      <Position11>
        <Filename Value="..\..\source\kicon.pas"/>
        <Caret Line="1187" Column="1" TopLine="1159"/>
      </Position11>
      <Position12>
        <Filename Value="Main.pas"/>
        <Caret Line="349" Column="1" TopLine="318"/>
      </Position12>
      <Position13>
        <Filename Value="..\..\source\kicon.pas"/>
        <Caret Line="1" Column="1" TopLine="1"/>
      </Position13>
      <Position14>
        <Filename Value="..\..\source\kicon.pas"/>
        <Caret Line="1126" Column="12" TopLine="1106"/>
      </Position14>
      <Position15>
        <Filename Value="DemoLaz.lpr"/>
        <Caret Line="15" Column="27" TopLine="1"/>
      </Position15>
      <Position16>
        <Filename Value="Main.pas"/>
        <Caret Line="332" Column="54" TopLine="318"/>
      </Position16>
      <Position17>
        <Filename Value="Main.pas"/>
        <Caret Line="192" Column="5" TopLine="188"/>
      </Position17>
      <Position18>
        <Filename Value="Main.pas"/>
        <Caret Line="205" Column="52" TopLine="188"/>
      </Position18>
      <Position19>
        <Filename Value="Main.pas"/>
        <Caret Line="201" Column="7" TopLine="188"/>
      </Position19>
      <Position20>
        <Filename Value="Main.pas"/>
        <Caret Line="66" Column="25" TopLine="52"/>
      </Position20>
      <Position21>
        <Filename Value="Main.pas"/>
        <Caret Line="114" Column="31" TopLine="99"/>
      </Position21>
    </JumpHistory>
  </ProjectOptions>
  <CompilerOptions>
    <Version Value="11"/>
    <PathDelim Value="\"/>
    <SearchPaths>
      <IncludeFiles Value="..\..\source;$(ProjOutDir)"/>
      <OtherUnitFiles Value="..\..\source"/>
    </SearchPaths>
    <Parsing>
      <SyntaxOptions>
        <SyntaxMode Value="Delphi"/>
        <CStyleOperator Value="False"/>
        <UseAnsiStrings Value="False"/>
      </SyntaxOptions>
    </Parsing>
    <Linking>
      <Debugging>
        <StripSymbols Value="True"/>
      </Debugging>
      <Options>
        <Win32>
          <GraphicApplication Value="True"/>
        </Win32>
      </Options>
    </Linking>
    <Other>
      <Verbosity>
        <ShowHints Value="False"/>
      </Verbosity>
      <CompilerPath Value="$(CompPath)"/>
    </Other>
  </CompilerOptions>
  <Debugging>
    <Watches Count="1">
      <Item1>
        <Expression Value="CB"/>
      </Item1>
    </Watches>
    <Exceptions Count="3">
      <Item1>
        <Name Value="EAbort"/>
      </Item1>
      <Item2>
        <Name Value="ECodetoolError"/>
      </Item2>
      <Item3>
        <Name Value="EFOpenError"/>
      </Item3>
    </Exceptions>
  </Debugging>
</CONFIG>
