<?xml version="1.0"?>
<CONFIG>
  <ProjectOptions>
    <Version Value="9"/>
    <PathDelim Value="\"/>
    <General>
      <Flags>
        <LRSInOutputDirectory Value="False"/>
      </Flags>
      <SessionStorage Value="InProjectDir"/>
      <MainUnit Value="0"/>
    </General>
    <VersionInfo>
      <StringTable ProductVersion=""/>
    </VersionInfo>
    <BuildModes Count="1">
      <Item1 Name="default" Default="True"/>
    </BuildModes>
    <PublishOptions>
      <Version Value="2"/>
      <IncludeFileFilter Value="*.(pas|pp|inc|lfm|lpr|lrs|lpi|lpk|sh|xml)"/>
      <ExcludeFileFilter Value="*.(bak|ppu|ppw|o|so);*~;backup"/>
    </PublishOptions>
    <RunParams>
      <local>
        <FormatVersion Value="1"/>
        <LaunchingApplication PathPlusParams="\usr\X11R6\bin\xterm -T 'Lazarus Run Output' -e $(LazarusDir)\tools\runwait.sh $(TargetCmdLine)"/>
      </local>
    </RunParams>
    <RequiredPackages Count="3">
      <Item1>
        <PackageName Value="LCL"/>
      </Item1>
      <Item2>
        <PackageName Value="Printer4Lazarus"/>
      </Item2>
      <Item3>
        <PackageName Value="virtualtreeview_package"/>
      </Item3>
    </RequiredPackages>
    <Units Count="15">
      <Unit0>
        <Filename Value="Advanced.lpr"/>
        <IsPartOfProject Value="True"/>
        <UnitName Value="Advanced"/>
      </Unit0>
      <Unit1>
        <Filename Value="WindowsXPStyleDemo.pas"/>
        <IsPartOfProject Value="True"/>
        <ComponentName Value="WindowsXPForm"/>
        <HasResources Value="True"/>
        <ResourceBaseClass Value="Form"/>
        <UnitName Value="WindowsXPStyleDemo"/>
      </Unit1>
      <Unit2>
        <Filename Value="AlignDemo.pas"/>
        <IsPartOfProject Value="True"/>
        <ComponentName Value="AlignForm"/>
        <HasResources Value="True"/>
        <ResourceBaseClass Value="Form"/>
        <UnitName Value="AlignDemo"/>
      </Unit2>
      <Unit3>
        <Filename Value="DrawTreeDemo.pas"/>
        <IsPartOfProject Value="True"/>
        <ComponentName Value="DrawTreeForm"/>
        <HasResources Value="True"/>
        <ResourceBaseClass Value="Form"/>
        <UnitName Value="DrawTreeDemo"/>
      </Unit3>
      <Unit4>
        <Filename Value="Editors.pas"/>
        <IsPartOfProject Value="True"/>
        <UnitName Value="Editors"/>
      </Unit4>
      <Unit5>
        <Filename Value="GeneralAbilitiesDemo.pas"/>
        <IsPartOfProject Value="True"/>
        <ComponentName Value="GeneralForm"/>
        <HasResources Value="True"/>
        <ResourceBaseClass Value="Form"/>
        <UnitName Value="GeneralAbilitiesDemo"/>
      </Unit5>
      <Unit6>
        <Filename Value="GridDemo.pas"/>
        <IsPartOfProject Value="True"/>
        <ComponentName Value="GridForm"/>
        <HasResources Value="True"/>
        <ResourceBaseClass Value="Form"/>
        <UnitName Value="GridDemo"/>
      </Unit6>
      <Unit7>
        <Filename Value="HeaderCustomDrawDemo.pas"/>
        <IsPartOfProject Value="True"/>
        <ComponentName Value="HeaderOwnerDrawForm"/>
        <HasResources Value="True"/>
        <ResourceBaseClass Value="Form"/>
        <UnitName Value="HeaderCustomDrawDemo"/>
      </Unit7>
      <Unit8>
        <Filename Value="Main.pas"/>
        <IsPartOfProject Value="True"/>
        <ComponentName Value="MainForm"/>
        <HasResources Value="True"/>
        <ResourceBaseClass Value="Form"/>
        <UnitName Value="Main"/>
      </Unit8>
      <Unit9>
        <Filename Value="MultilineDemo.pas"/>
        <IsPartOfProject Value="True"/>
        <ComponentName Value="NodeForm"/>
        <HasResources Value="True"/>
        <ResourceBaseClass Value="Form"/>
        <UnitName Value="MultilineDemo"/>
      </Unit9>
      <Unit10>
        <Filename Value="PropertiesDemo.pas"/>
        <IsPartOfProject Value="True"/>
        <ComponentName Value="PropertiesForm"/>
        <HasResources Value="True"/>
        <ResourceBaseClass Value="Form"/>
        <UnitName Value="PropertiesDemo"/>
      </Unit10>
      <Unit11>
        <Filename Value="SpeedDemo.pas"/>
        <IsPartOfProject Value="True"/>
        <ComponentName Value="SpeedForm"/>
        <HasResources Value="True"/>
        <ResourceBaseClass Value="Form"/>
        <UnitName Value="SpeedDemo"/>
      </Unit11>
      <Unit12>
        <Filename Value="States.pas"/>
        <IsPartOfProject Value="True"/>
        <ComponentName Value="StateForm"/>
        <HasResources Value="True"/>
        <ResourceBaseClass Value="Form"/>
        <UnitName Value="States"/>
      </Unit12>
      <Unit13>
        <Filename Value="VisibilityDemo.pas"/>
        <IsPartOfProject Value="True"/>
        <ComponentName Value="VisibilityForm"/>
        <HasResources Value="True"/>
        <ResourceBaseClass Value="Form"/>
        <UnitName Value="VisibilityDemo"/>
      </Unit13>
      <Unit14>
        <Filename Value="shlobjext.pas"/>
        <IsPartOfProject Value="True"/>
        <UnitName Value="shlobjext"/>
      </Unit14>
    </Units>
  </ProjectOptions>
  <CompilerOptions>
    <Version Value="11"/>
    <PathDelim Value="\"/>
    <Parsing>
      <SyntaxOptions>
        <UseAnsiStrings Value="False"/>
      </SyntaxOptions>
    </Parsing>
    <Other>
      <CompilerPath Value="$(CompPath)"/>
    </Other>
  </CompilerOptions>
</CONFIG>
